// !$*UTF8*$!
{
	archiveVersion = 1;
	classes = {
	};
	objectVersion = 46;
	objects = {

/* Begin PBXBuildFile section */
		2EFB5315E3BF45D2922434E0 /* libPods.a in Frameworks */ = {isa = PBXBuildFile; fileRef = D8C340FFA5144A45B501326C /* libPods.a */; };
		CE204C18199794BB00A6FDDB /* Foundation.framework in Frameworks */ = {isa = PBXBuildFile; fileRef = CE204C17199794BB00A6FDDB /* Foundation.framework */; };
		CE204C1A199794BB00A6FDDB /* CoreGraphics.framework in Frameworks */ = {isa = PBXBuildFile; fileRef = CE204C19199794BB00A6FDDB /* CoreGraphics.framework */; };
		CE204C1C199794BB00A6FDDB /* UIKit.framework in Frameworks */ = {isa = PBXBuildFile; fileRef = CE204C1B199794BB00A6FDDB /* UIKit.framework */; };
		CE204C1E199794BB00A6FDDB /* CoreData.framework in Frameworks */ = {isa = PBXBuildFile; fileRef = CE204C1D199794BB00A6FDDB /* CoreData.framework */; };
		CE204C24199794BB00A6FDDB /* InfoPlist.strings in Resources */ = {isa = PBXBuildFile; fileRef = CE204C22199794BB00A6FDDB /* InfoPlist.strings */; };
		CE204C26199794BB00A6FDDB /* main.m in Sources */ = {isa = PBXBuildFile; fileRef = CE204C25199794BB00A6FDDB /* main.m */; };
		CE204C2A199794BB00A6FDDB /* JPAppDelegate.m in Sources */ = {isa = PBXBuildFile; fileRef = CE204C29199794BB00A6FDDB /* JPAppDelegate.m */; };
		CE204C2D199794BB00A6FDDB /* JPSchedule.xcdatamodeld in Sources */ = {isa = PBXBuildFile; fileRef = CE204C2B199794BB00A6FDDB /* JPSchedule.xcdatamodeld */; };
		CE204C2F199794BB00A6FDDB /* Images.xcassets in Resources */ = {isa = PBXBuildFile; fileRef = CE204C2E199794BB00A6FDDB /* Images.xcassets */; };
		CE204C36199794BB00A6FDDB /* XCTest.framework in Frameworks */ = {isa = PBXBuildFile; fileRef = CE204C35199794BB00A6FDDB /* XCTest.framework */; };
		CE204C37199794BB00A6FDDB /* Foundation.framework in Frameworks */ = {isa = PBXBuildFile; fileRef = CE204C17199794BB00A6FDDB /* Foundation.framework */; };
		CE204C38199794BB00A6FDDB /* UIKit.framework in Frameworks */ = {isa = PBXBuildFile; fileRef = CE204C1B199794BB00A6FDDB /* UIKit.framework */; };
		CE204C39199794BB00A6FDDB /* CoreData.framework in Frameworks */ = {isa = PBXBuildFile; fileRef = CE204C1D199794BB00A6FDDB /* CoreData.framework */; };
		CE204C41199794BB00A6FDDB /* InfoPlist.strings in Resources */ = {isa = PBXBuildFile; fileRef = CE204C3F199794BB00A6FDDB /* InfoPlist.strings */; };
		CE204C43199794BB00A6FDDB /* JPScheduleTests.m in Sources */ = {isa = PBXBuildFile; fileRef = CE204C42199794BB00A6FDDB /* JPScheduleTests.m */; };
		CE204C53199796B500A6FDDB /* JPNetwork.m in Sources */ = {isa = PBXBuildFile; fileRef = CE204C52199796B500A6FDDB /* JPNetwork.m */; };
/* End PBXBuildFile section */

/* Begin PBXContainerItemProxy section */
		CE204C3A199794BB00A6FDDB /* PBXContainerItemProxy */ = {
			isa = PBXContainerItemProxy;
			containerPortal = CE204C0C199794BB00A6FDDB /* Project object */;
			proxyType = 1;
			remoteGlobalIDString = CE204C13199794BB00A6FDDB;
			remoteInfo = JPSchedule;
		};
/* End PBXContainerItemProxy section */

/* Begin PBXFileReference section */
		AC1A2A1520E0407D92933F97 /* Pods.xcconfig */ = {isa = PBXFileReference; includeInIndex = 1; lastKnownFileType = text.xcconfig; name = Pods.xcconfig; path = Pods/Pods.xcconfig; sourceTree = "<group>"; };
		CE204C14199794BB00A6FDDB /* JPSchedule.app */ = {isa = PBXFileReference; explicitFileType = wrapper.application; includeInIndex = 0; path = JPSchedule.app; sourceTree = BUILT_PRODUCTS_DIR; };
		CE204C17199794BB00A6FDDB /* Foundation.framework */ = {isa = PBXFileReference; lastKnownFileType = wrapper.framework; name = Foundation.framework; path = System/Library/Frameworks/Foundation.framework; sourceTree = SDKROOT; };
		CE204C19199794BB00A6FDDB /* CoreGraphics.framework */ = {isa = PBXFileReference; lastKnownFileType = wrapper.framework; name = CoreGraphics.framework; path = System/Library/Frameworks/CoreGraphics.framework; sourceTree = SDKROOT; };
		CE204C1B199794BB00A6FDDB /* UIKit.framework */ = {isa = PBXFileReference; lastKnownFileType = wrapper.framework; name = UIKit.framework; path = System/Library/Frameworks/UIKit.framework; sourceTree = SDKROOT; };
		CE204C1D199794BB00A6FDDB /* CoreData.framework */ = {isa = PBXFileReference; lastKnownFileType = wrapper.framework; name = CoreData.framework; path = System/Library/Frameworks/CoreData.framework; sourceTree = SDKROOT; };
		CE204C21199794BB00A6FDDB /* JPSchedule-Info.plist */ = {isa = PBXFileReference; lastKnownFileType = text.plist.xml; path = "JPSchedule-Info.plist"; sourceTree = "<group>"; };
		CE204C23199794BB00A6FDDB /* en */ = {isa = PBXFileReference; lastKnownFileType = text.plist.strings; name = en; path = en.lproj/InfoPlist.strings; sourceTree = "<group>"; };
		CE204C25199794BB00A6FDDB /* main.m */ = {isa = PBXFileReference; lastKnownFileType = sourcecode.c.objc; path = main.m; sourceTree = "<group>"; };
		CE204C27199794BB00A6FDDB /* JPSchedule-Prefix.pch */ = {isa = PBXFileReference; lastKnownFileType = sourcecode.c.h; path = "JPSchedule-Prefix.pch"; sourceTree = "<group>"; };
		CE204C28199794BB00A6FDDB /* JPAppDelegate.h */ = {isa = PBXFileReference; lastKnownFileType = sourcecode.c.h; path = JPAppDelegate.h; sourceTree = "<group>"; };
		CE204C29199794BB00A6FDDB /* JPAppDelegate.m */ = {isa = PBXFileReference; lastKnownFileType = sourcecode.c.objc; path = JPAppDelegate.m; sourceTree = "<group>"; };
		CE204C2C199794BB00A6FDDB /* JPSchedule.xcdatamodel */ = {isa = PBXFileReference; lastKnownFileType = wrapper.xcdatamodel; path = JPSchedule.xcdatamodel; sourceTree = "<group>"; };
		CE204C2E199794BB00A6FDDB /* Images.xcassets */ = {isa = PBXFileReference; lastKnownFileType = folder.assetcatalog; path = Images.xcassets; sourceTree = "<group>"; };
		CE204C34199794BB00A6FDDB /* JPScheduleTests.xctest */ = {isa = PBXFileReference; explicitFileType = wrapper.cfbundle; includeInIndex = 0; path = JPScheduleTests.xctest; sourceTree = BUILT_PRODUCTS_DIR; };
		CE204C35199794BB00A6FDDB /* XCTest.framework */ = {isa = PBXFileReference; lastKnownFileType = wrapper.framework; name = XCTest.framework; path = Library/Frameworks/XCTest.framework; sourceTree = DEVELOPER_DIR; };
		CE204C3E199794BB00A6FDDB /* JPScheduleTests-Info.plist */ = {isa = PBXFileReference; lastKnownFileType = text.plist.xml; path = "JPScheduleTests-Info.plist"; sourceTree = "<group>"; };
		CE204C40199794BB00A6FDDB /* en */ = {isa = PBXFileReference; lastKnownFileType = text.plist.strings; name = en; path = en.lproj/InfoPlist.strings; sourceTree = "<group>"; };
		CE204C42199794BB00A6FDDB /* JPScheduleTests.m */ = {isa = PBXFileReference; lastKnownFileType = sourcecode.c.objc; path = JPScheduleTests.m; sourceTree = "<group>"; };
		CE204C51199796B500A6FDDB /* JPNetwork.h */ = {isa = PBXFileReference; fileEncoding = 4; lastKnownFileType = sourcecode.c.h; path = JPNetwork.h; sourceTree = "<group>"; };
		CE204C52199796B500A6FDDB /* JPNetwork.m */ = {isa = PBXFileReference; fileEncoding = 4; lastKnownFileType = sourcecode.c.objc; path = JPNetwork.m; sourceTree = "<group>"; };
		CE204C541997B04600A6FDDB /* JPConstants.h */ = {isa = PBXFileReference; fileEncoding = 4; lastKnownFileType = sourcecode.c.h; path = JPConstants.h; sourceTree = "<group>"; };
		D8C340FFA5144A45B501326C /* libPods.a */ = {isa = PBXFileReference; explicitFileType = archive.ar; includeInIndex = 0; path = libPods.a; sourceTree = BUILT_PRODUCTS_DIR; };
/* End PBXFileReference section */

/* Begin PBXFrameworksBuildPhase section */
		CE204C11199794BB00A6FDDB /* Frameworks */ = {
			isa = PBXFrameworksBuildPhase;
			buildActionMask = 2147483647;
			files = (
				CE204C1A199794BB00A6FDDB /* CoreGraphics.framework in Frameworks */,
				CE204C1E199794BB00A6FDDB /* CoreData.framework in Frameworks */,
				CE204C1C199794BB00A6FDDB /* UIKit.framework in Frameworks */,
				CE204C18199794BB00A6FDDB /* Foundation.framework in Frameworks */,
				2EFB5315E3BF45D2922434E0 /* libPods.a in Frameworks */,
			);
			runOnlyForDeploymentPostprocessing = 0;
		};
		CE204C31199794BB00A6FDDB /* Frameworks */ = {
			isa = PBXFrameworksBuildPhase;
			buildActionMask = 2147483647;
			files = (
				CE204C36199794BB00A6FDDB /* XCTest.framework in Frameworks */,
				CE204C39199794BB00A6FDDB /* CoreData.framework in Frameworks */,
				CE204C38199794BB00A6FDDB /* UIKit.framework in Frameworks */,
				CE204C37199794BB00A6FDDB /* Foundation.framework in Frameworks */,
			);
			runOnlyForDeploymentPostprocessing = 0;
		};
/* End PBXFrameworksBuildPhase section */

/* Begin PBXGroup section */
		CE204C0B199794BB00A6FDDB = {
			isa = PBXGroup;
			children = (
				CE204C50199795DF00A6FDDB /* NetWork */,
				CE204C4F199795B200A6FDDB /* Util_Views */,
				CE204C4E1997959800A6FDDB /* Utils */,
				CE204C4D199794F800A6FDDB /* Models */,
				CE204C4C199794DF00A6FDDB /* ViewControllers */,
				CE204C1F199794BB00A6FDDB /* JPSchedule */,
				CE204C3C199794BB00A6FDDB /* JPScheduleTests */,
				CE204C16199794BB00A6FDDB /* Frameworks */,
				CE204C15199794BB00A6FDDB /* Products */,
				AC1A2A1520E0407D92933F97 /* Pods.xcconfig */,
			);
			sourceTree = "<group>";
		};
		CE204C15199794BB00A6FDDB /* Products */ = {
			isa = PBXGroup;
			children = (
				CE204C14199794BB00A6FDDB /* JPSchedule.app */,
				CE204C34199794BB00A6FDDB /* JPScheduleTests.xctest */,
			);
			name = Products;
			sourceTree = "<group>";
		};
		CE204C16199794BB00A6FDDB /* Frameworks */ = {
			isa = PBXGroup;
			children = (
				CE204C17199794BB00A6FDDB /* Foundation.framework */,
				CE204C19199794BB00A6FDDB /* CoreGraphics.framework */,
				CE204C1B199794BB00A6FDDB /* UIKit.framework */,
				CE204C1D199794BB00A6FDDB /* CoreData.framework */,
				CE204C35199794BB00A6FDDB /* XCTest.framework */,
				D8C340FFA5144A45B501326C /* libPods.a */,
			);
			name = Frameworks;
			sourceTree = "<group>";
		};
		CE204C1F199794BB00A6FDDB /* JPSchedule */ = {
			isa = PBXGroup;
			children = (
				CE204C28199794BB00A6FDDB /* JPAppDelegate.h */,
				CE204C29199794BB00A6FDDB /* JPAppDelegate.m */,
				CE204C2E199794BB00A6FDDB /* Images.xcassets */,
				CE204C2B199794BB00A6FDDB /* JPSchedule.xcdatamodeld */,
				CE204C20199794BB00A6FDDB /* Supporting Files */,
			);
			path = JPSchedule;
			sourceTree = "<group>";
		};
		CE204C20199794BB00A6FDDB /* Supporting Files */ = {
			isa = PBXGroup;
			children = (
				CE204C21199794BB00A6FDDB /* JPSchedule-Info.plist */,
				CE204C22199794BB00A6FDDB /* InfoPlist.strings */,
				CE204C25199794BB00A6FDDB /* main.m */,
				CE204C27199794BB00A6FDDB /* JPSchedule-Prefix.pch */,
			);
			name = "Supporting Files";
			sourceTree = "<group>";
		};
		CE204C3C199794BB00A6FDDB /* JPScheduleTests */ = {
			isa = PBXGroup;
			children = (
				CE204C42199794BB00A6FDDB /* JPScheduleTests.m */,
				CE204C3D199794BB00A6FDDB /* Supporting Files */,
			);
			path = JPScheduleTests;
			sourceTree = "<group>";
		};
		CE204C3D199794BB00A6FDDB /* Supporting Files */ = {
			isa = PBXGroup;
			children = (
				CE204C3E199794BB00A6FDDB /* JPScheduleTests-Info.plist */,
				CE204C3F199794BB00A6FDDB /* InfoPlist.strings */,
			);
			name = "Supporting Files";
			sourceTree = "<group>";
		};
		CE204C4C199794DF00A6FDDB /* ViewControllers */ = {
			isa = PBXGroup;
			children = (
			);
			path = ViewControllers;
			sourceTree = "<group>";
		};
		CE204C4D199794F800A6FDDB /* Models */ = {
			isa = PBXGroup;
			children = (
			);
			path = Models;
			sourceTree = "<group>";
		};
		CE204C4E1997959800A6FDDB /* Utils */ = {
			isa = PBXGroup;
			children = (
				CE204C541997B04600A6FDDB /* JPConstants.h */,
			);
			path = Utils;
			sourceTree = "<group>";
		};
		CE204C4F199795B200A6FDDB /* Util_Views */ = {
			isa = PBXGroup;
			children = (
			);
			path = Util_Views;
			sourceTree = "<group>";
		};
		CE204C50199795DF00A6FDDB /* NetWork */ = {
			isa = PBXGroup;
			children = (
				CE204C51199796B500A6FDDB /* JPNetwork.h */,
				CE204C52199796B500A6FDDB /* JPNetwork.m */,
			);
			name = NetWork;
			path = Utils/NetWork;
			sourceTree = "<group>";
		};
/* End PBXGroup section */

/* Begin PBXNativeTarget section */
		CE204C13199794BB00A6FDDB /* JPSchedule */ = {
			isa = PBXNativeTarget;
			buildConfigurationList = CE204C46199794BB00A6FDDB /* Build configuration list for PBXNativeTarget "JPSchedule" */;
			buildPhases = (
				D333DEB73D1B443C8E169278 /* Check Pods Manifest.lock */,
				CE204C10199794BB00A6FDDB /* Sources */,
				CE204C11199794BB00A6FDDB /* Frameworks */,
				CE204C12199794BB00A6FDDB /* Resources */,
				EE2AE37A17614C8A8E12B5BF /* Copy Pods Resources */,
			);
			buildRules = (
			);
			dependencies = (
			);
			name = JPSchedule;
			productName = JPSchedule;
			productReference = CE204C14199794BB00A6FDDB /* JPSchedule.app */;
			productType = "com.apple.product-type.application";
		};
		CE204C33199794BB00A6FDDB /* JPScheduleTests */ = {
			isa = PBXNativeTarget;
			buildConfigurationList = CE204C49199794BB00A6FDDB /* Build configuration list for PBXNativeTarget "JPScheduleTests" */;
			buildPhases = (
				CE204C30199794BB00A6FDDB /* Sources */,
				CE204C31199794BB00A6FDDB /* Frameworks */,
				CE204C32199794BB00A6FDDB /* Resources */,
			);
			buildRules = (
			);
			dependencies = (
				CE204C3B199794BB00A6FDDB /* PBXTargetDependency */,
			);
			name = JPScheduleTests;
			productName = JPScheduleTests;
			productReference = CE204C34199794BB00A6FDDB /* JPScheduleTests.xctest */;
			productType = "com.apple.product-type.bundle.unit-test";
		};
/* End PBXNativeTarget section */

/* Begin PBXProject section */
		CE204C0C199794BB00A6FDDB /* Project object */ = {
			isa = PBXProject;
			attributes = {
				CLASSPREFIX = JP;
				LastUpgradeCheck = 0510;
				ORGANIZATIONNAME = JP;
				TargetAttributes = {
					CE204C33199794BB00A6FDDB = {
						TestTargetID = CE204C13199794BB00A6FDDB;
					};
				};
			};
			buildConfigurationList = CE204C0F199794BB00A6FDDB /* Build configuration list for PBXProject "JPSchedule" */;
			compatibilityVersion = "Xcode 3.2";
			developmentRegion = English;
			hasScannedForEncodings = 0;
			knownRegions = (
				en,
			);
			mainGroup = CE204C0B199794BB00A6FDDB;
			productRefGroup = CE204C15199794BB00A6FDDB /* Products */;
			projectDirPath = "";
			projectRoot = "";
			targets = (
				CE204C13199794BB00A6FDDB /* JPSchedule */,
				CE204C33199794BB00A6FDDB /* JPScheduleTests */,
			);
		};
/* End PBXProject section */

/* Begin PBXResourcesBuildPhase section */
		CE204C12199794BB00A6FDDB /* Resources */ = {
			isa = PBXResourcesBuildPhase;
			buildActionMask = 2147483647;
			files = (
				CE204C24199794BB00A6FDDB /* InfoPlist.strings in Resources */,
				CE204C2F199794BB00A6FDDB /* Images.xcassets in Resources */,
			);
			runOnlyForDeploymentPostprocessing = 0;
		};
		CE204C32199794BB00A6FDDB /* Resources */ = {
			isa = PBXResourcesBuildPhase;
			buildActionMask = 2147483647;
			files = (
				CE204C41199794BB00A6FDDB /* InfoPlist.strings in Resources */,
			);
			runOnlyForDeploymentPostprocessing = 0;
		};
/* End PBXResourcesBuildPhase section */

/* Begin PBXShellScriptBuildPhase section */
		D333DEB73D1B443C8E169278 /* Check Pods Manifest.lock */ = {
			isa = PBXShellScriptBuildPhase;
			buildActionMask = 2147483647;
			files = (
			);
			inputPaths = (
			);
			name = "Check Pods Manifest.lock";
			outputPaths = (
			);
			runOnlyForDeploymentPostprocessing = 0;
			shellPath = /bin/sh;
			shellScript = "diff \"${PODS_ROOT}/../Podfile.lock\" \"${PODS_ROOT}/Manifest.lock\" > /dev/null\nif [[ $? != 0 ]] ; then\n    cat << EOM\nerror: The sandbox is not in sync with the Podfile.lock. Run 'pod install' or update your CocoaPods installation.\nEOM\n    exit 1\nfi\n";
			showEnvVarsInLog = 0;
		};
		EE2AE37A17614C8A8E12B5BF /* Copy Pods Resources */ = {
			isa = PBXShellScriptBuildPhase;
			buildActionMask = 2147483647;
			files = (
			);
			inputPaths = (
			);
			name = "Copy Pods Resources";
			outputPaths = (
			);
			runOnlyForDeploymentPostprocessing = 0;
			shellPath = /bin/sh;
			shellScript = "\"${SRCROOT}/Pods/Pods-resources.sh\"\n";
			showEnvVarsInLog = 0;
		};
/* End PBXShellScriptBuildPhase section */

/* Begin PBXSourcesBuildPhase section */
		CE204C10199794BB00A6FDDB /* Sources */ = {
			isa = PBXSourcesBuildPhase;
			buildActionMask = 2147483647;
			files = (
				CE204C2D199794BB00A6FDDB /* JPSchedule.xcdatamodeld in Sources */,
				CE204C53199796B500A6FDDB /* JPNetwork.m in Sources */,
				CE204C2A199794BB00A6FDDB /* JPAppDelegate.m in Sources */,
				CE204C26199794BB00A6FDDB /* main.m in Sources */,
			);
			runOnlyForDeploymentPostprocessing = 0;
		};
		CE204C30199794BB00A6FDDB /* Sources */ = {
			isa = PBXSourcesBuildPhase;
			buildActionMask = 2147483647;
			files = (
				CE204C43199794BB00A6FDDB /* JPScheduleTests.m in Sources */,
			);
			runOnlyForDeploymentPostprocessing = 0;
		};
/* End PBXSourcesBuildPhase section */

/* Begin PBXTargetDependency section */
		CE204C3B199794BB00A6FDDB /* PBXTargetDependency */ = {
			isa = PBXTargetDependency;
			target = CE204C13199794BB00A6FDDB /* JPSchedule */;
			targetProxy = CE204C3A199794BB00A6FDDB /* PBXContainerItemProxy */;
		};
/* End PBXTargetDependency section */

/* Begin PBXVariantGroup section */
		CE204C22199794BB00A6FDDB /* InfoPlist.strings */ = {
			isa = PBXVariantGroup;
			children = (
				CE204C23199794BB00A6FDDB /* en */,
			);
			name = InfoPlist.strings;
			sourceTree = "<group>";
		};
		CE204C3F199794BB00A6FDDB /* InfoPlist.strings */ = {
			isa = PBXVariantGroup;
			children = (
				CE204C40199794BB00A6FDDB /* en */,
			);
			name = InfoPlist.strings;
			sourceTree = "<group>";
		};
/* End PBXVariantGroup section */

/* Begin XCBuildConfiguration section */
		CE204C44199794BB00A6FDDB /* Debug */ = {
			isa = XCBuildConfiguration;
			buildSettings = {
				ALWAYS_SEARCH_USER_PATHS = NO;
				CLANG_CXX_LANGUAGE_STANDARD = "gnu++0x";
				CLANG_CXX_LIBRARY = "libc++";
				CLANG_ENABLE_MODULES = YES;
				CLANG_ENABLE_OBJC_ARC = YES;
				CLANG_WARN_BOOL_CONVERSION = YES;
				CLANG_WARN_CONSTANT_CONVERSION = YES;
				CLANG_WARN_DIRECT_OBJC_ISA_USAGE = YES_ERROR;
				CLANG_WARN_EMPTY_BODY = YES;
				CLANG_WARN_ENUM_CONVERSION = YES;
				CLANG_WARN_INT_CONVERSION = YES;
				CLANG_WARN_OBJC_ROOT_CLASS = YES_ERROR;
				CLANG_WARN__DUPLICATE_METHOD_MATCH = YES;
				"CODE_SIGN_IDENTITY[sdk=iphoneos*]" = "iPhone Developer";
				COPY_PHASE_STRIP = NO;
				GCC_C_LANGUAGE_STANDARD = gnu99;
				GCC_DYNAMIC_NO_PIC = NO;
				GCC_OPTIMIZATION_LEVEL = 0;
				GCC_PREPROCESSOR_DEFINITIONS = (
					"DEBUG=1",
					"$(inherited)",
				);
				GCC_SYMBOLS_PRIVATE_EXTERN = NO;
				GCC_WARN_64_TO_32_BIT_CONVERSION = YES;
				GCC_WARN_ABOUT_RETURN_TYPE = YES_ERROR;
				GCC_WARN_UNDECLARED_SELECTOR = YES;
				GCC_WARN_UNINITIALIZED_AUTOS = YES_AGGRESSIVE;
				GCC_WARN_UNUSED_FUNCTION = YES;
				GCC_WARN_UNUSED_VARIABLE = YES;
				IPHONEOS_DEPLOYMENT_TARGET = 7.0;
				ONLY_ACTIVE_ARCH = YES;
				SDKROOT = iphoneos;
			};
			name = Debug;
		};
		CE204C45199794BB00A6FDDB /* Release */ = {
			isa = XCBuildConfiguration;
			buildSettings = {
				ALWAYS_SEARCH_USER_PATHS = NO;
				CLANG_CXX_LANGUAGE_STANDARD = "gnu++0x";
				CLANG_CXX_LIBRARY = "libc++";
				CLANG_ENABLE_MODULES = YES;
				CLANG_ENABLE_OBJC_ARC = YES;
				CLANG_WARN_BOOL_CONVERSION = YES;
				CLANG_WARN_CONSTANT_CONVERSION = YES;
				CLANG_WARN_DIRECT_OBJC_ISA_USAGE = YES_ERROR;
				CLANG_WARN_EMPTY_BODY = YES;
				CLANG_WARN_ENUM_CONVERSION = YES;
				CLANG_WARN_INT_CONVERSION = YES;
				CLANG_WARN_OBJC_ROOT_CLASS = YES_ERROR;
				CLANG_WARN__DUPLICATE_METHOD_MATCH = YES;
				"CODE_SIGN_IDENTITY[sdk=iphoneos*]" = "iPhone Developer";
				COPY_PHASE_STRIP = YES;
				ENABLE_NS_ASSERTIONS = NO;
				GCC_C_LANGUAGE_STANDARD = gnu99;
				GCC_WARN_64_TO_32_BIT_CONVERSION = YES;
				GCC_WARN_ABOUT_RETURN_TYPE = YES_ERROR;
				GCC_WARN_UNDECLARED_SELECTOR = YES;
				GCC_WARN_UNINITIALIZED_AUTOS = YES_AGGRESSIVE;
				GCC_WARN_UNUSED_FUNCTION = YES;
				GCC_WARN_UNUSED_VARIABLE = YES;
				IPHONEOS_DEPLOYMENT_TARGET = 7.0;
				SDKROOT = iphoneos;
				VALIDATE_PRODUCT = YES;
			};
			name = Release;
		};
		CE204C47199794BB00A6FDDB /* Debug */ = {
			isa = XCBuildConfiguration;
			baseConfigurationReference = AC1A2A1520E0407D92933F97 /* Pods.xcconfig */;
			buildSettings = {
				ASSETCATALOG_COMPILER_APPICON_NAME = AppIcon;
				ASSETCATALOG_COMPILER_LAUNCHIMAGE_NAME = LaunchImage;
				GCC_PRECOMPILE_PREFIX_HEADER = YES;
				GCC_PREFIX_HEADER = "JPSchedule/JPSchedule-Prefix.pch";
				INFOPLIST_FILE = "JPSchedule/JPSchedule-Info.plist";
				PRODUCT_NAME = "$(TARGET_NAME)";
				WRAPPER_EXTENSION = app;
			};
			name = Debug;
		};
		CE204C48199794BB00A6FDDB /* Release */ = {
			isa = XCBuildConfiguration;
			baseConfigurationReference = AC1A2A1520E0407D92933F97 /* Pods.xcconfig */;
			buildSettings = {
				ASSETCATALOG_COMPILER_APPICON_NAME = AppIcon;
				ASSETCATALOG_COMPILER_LAUNCHIMAGE_NAME = LaunchImage;
				GCC_PRECOMPILE_PREFIX_HEADER = YES;
				GCC_PREFIX_HEADER = "JPSchedule/JPSchedule-Prefix.pch";
				INFOPLIST_FILE = "JPSchedule/JPSchedule-Info.plist";
				PRODUCT_NAME = "$(TARGET_NAME)";
				WRAPPER_EXTENSION = app;
			};
			name = Release;
		};
		CE204C4A199794BB00A6FDDB /* Debug */ = {
			isa = XCBuildConfiguration;
			buildSettings = {
				BUNDLE_LOADER = "$(BUILT_PRODUCTS_DIR)/JPSchedule.app/JPSchedule";
				FRAMEWORK_SEARCH_PATHS = (
					"$(SDKROOT)/Developer/Library/Frameworks",
					"$(inherited)",
					"$(DEVELOPER_FRAMEWORKS_DIR)",
				);
				GCC_PRECOMPILE_PREFIX_HEADER = YES;
				GCC_PREFIX_HEADER = "JPSchedule/JPSchedule-Prefix.pch";
				GCC_PREPROCESSOR_DEFINITIONS = (
					"DEBUG=1",
					"$(inherited)",
				);
				INFOPLIST_FILE = "JPScheduleTests/JPScheduleTests-Info.plist";
				PRODUCT_NAME = "$(TARGET_NAME)";
				TEST_HOST = "$(BUNDLE_LOADER)";
				WRAPPER_EXTENSION = xctest;
			};
			name = Debug;
		};
		CE204C4B199794BB00A6FDDB /* Release */ = {
			isa = XCBuildConfiguration;
			buildSettings = {
				BUNDLE_LOADER = "$(BUILT_PRODUCTS_DIR)/JPSchedule.app/JPSchedule";
				FRAMEWORK_SEARCH_PATHS = (
					"$(SDKROOT)/Developer/Library/Frameworks",
					"$(inherited)",
					"$(DEVELOPER_FRAMEWORKS_DIR)",
				);
				GCC_PRECOMPILE_PREFIX_HEADER = YES;
				GCC_PREFIX_HEADER = "JPSchedule/JPSchedule-Prefix.pch";
				INFOPLIST_FILE = "JPScheduleTests/JPScheduleTests-Info.plist";
				PRODUCT_NAME = "$(TARGET_NAME)";
				TEST_HOST = "$(BUNDLE_LOADER)";
				WRAPPER_EXTENSION = xctest;
			};
			name = Release;
		};
/* End XCBuildConfiguration section */

/* Begin XCConfigurationList section */
		CE204C0F199794BB00A6FDDB /* Build configuration list for PBXProject "JPSchedule" */ = {
			isa = XCConfigurationList;
			buildConfigurations = (
				CE204C44199794BB00A6FDDB /* Debug */,
				CE204C45199794BB00A6FDDB /* Release */,
			);
			defaultConfigurationIsVisible = 0;
			defaultConfigurationName = Release;
		};
		CE204C46199794BB00A6FDDB /* Build configuration list for PBXNativeTarget "JPSchedule" */ = {
			isa = XCConfigurationList;
			buildConfigurations = (
				CE204C47199794BB00A6FDDB /* Debug */,
				CE204C48199794BB00A6FDDB /* Release */,
			);
			defaultConfigurationIsVisible = 0;
			defaultConfigurationName = Release;
		};
		CE204C49199794BB00A6FDDB /* Build configuration list for PBXNativeTarget "JPScheduleTests" */ = {
			isa = XCConfigurationList;
			buildConfigurations = (
				CE204C4A199794BB00A6FDDB /* Debug */,
				CE204C4B199794BB00A6FDDB /* Release */,
			);
			defaultConfigurationIsVisible = 0;
			defaultConfigurationName = Release;
		};
/* End XCConfigurationList section */

/* Begin XCVersionGroup section */
		CE204C2B199794BB00A6FDDB /* JPSchedule.xcdatamodeld */ = {
			isa = XCVersionGroup;
			children = (
				CE204C2C199794BB00A6FDDB /* JPSchedule.xcdatamodel */,
			);
			currentVersion = CE204C2C199794BB00A6FDDB /* JPSchedule.xcdatamodel */;
			path = JPSchedule.xcdatamodeld;
			sourceTree = "<group>";
			versionGroupType = wrapper.xcdatamodel;
		};
/* End XCVersionGroup section */
	};
	rootObject = CE204C0C199794BB00A6FDDB /* Project object */;
}
